// !$*UTF8*$!
{
	archiveVersion = 1;
	classes = {
	};
	objectVersion = 50;
	objects = {

/* Begin PBXBuildFile section */
		EE6C84A7251E29D200507B42 /* Model.xcdatamodeld in Sources */ = {isa = PBXBuildFile; fileRef = EE6C84A5251E29D200507B42 /* Model.xcdatamodeld */; };
		EE6C84B3251E4FFA00507B42 /* SavedTableViewController.m in Sources */ = {isa = PBXBuildFile; fileRef = EE6C84B2251E4FFA00507B42 /* SavedTableViewController.m */; };
		EEFA99D0251B7E91008E695A /* AppDelegate.m in Sources */ = {isa = PBXBuildFile; fileRef = EEFA99CF251B7E91008E695A /* AppDelegate.m */; };
		EEFA99D3251B7E91008E695A /* SceneDelegate.m in Sources */ = {isa = PBXBuildFile; fileRef = EEFA99D2251B7E91008E695A /* SceneDelegate.m */; };
		EEFA99D9251B7E91008E695A /* Main.storyboard in Resources */ = {isa = PBXBuildFile; fileRef = EEFA99D7251B7E91008E695A /* Main.storyboard */; };
		EEFA99DB251B7EA1008E695A /* Assets.xcassets in Resources */ = {isa = PBXBuildFile; fileRef = EEFA99DA251B7EA1008E695A /* Assets.xcassets */; };
		EEFA99DE251B7EA1008E695A /* LaunchScreen.storyboard in Resources */ = {isa = PBXBuildFile; fileRef = EEFA99DC251B7EA1008E695A /* LaunchScreen.storyboard */; };
		EEFA99E1251B7EA1008E695A /* main.m in Sources */ = {isa = PBXBuildFile; fileRef = EEFA99E0251B7EA1008E695A /* main.m */; };
		EEFA99EB251B8521008E695A /* TableViewController.m in Sources */ = {isa = PBXBuildFile; fileRef = EEFA99EA251B8521008E695A /* TableViewController.m */; };
		EEFA99F0251BA4B0008E695A /* DetailViewController.m in Sources */ = {isa = PBXBuildFile; fileRef = EEFA99EF251BA4B0008E695A /* DetailViewController.m */; };
		EEFA99F4251BBEA0008E695A /* MainViewController.m in Sources */ = {isa = PBXBuildFile; fileRef = EEFA99F3251BBEA0008E695A /* MainViewController.m */; };
		EEFA99F8251BDA34008E695A /* TableViewCell.m in Sources */ = {isa = PBXBuildFile; fileRef = EEFA99F7251BDA34008E695A /* TableViewCell.m */; };
/* End PBXBuildFile section */

/* Begin PBXFileReference section */
		EE6C84A6251E29D200507B42 /* Model.xcdatamodel */ = {isa = PBXFileReference; lastKnownFileType = wrapper.xcdatamodel; path = Model.xcdatamodel; sourceTree = "<group>"; };
		EE6C84B1251E4FFA00507B42 /* SavedTableViewController.h */ = {isa = PBXFileReference; lastKnownFileType = sourcecode.c.h; path = SavedTableViewController.h; sourceTree = "<group>"; };
		EE6C84B2251E4FFA00507B42 /* SavedTableViewController.m */ = {isa = PBXFileReference; lastKnownFileType = sourcecode.c.objc; path = SavedTableViewController.m; sourceTree = "<group>"; };
		EEFA99CB251B7E91008E695A /* RSSReader.app */ = {isa = PBXFileReference; explicitFileType = wrapper.application; includeInIndex = 0; path = RSSReader.app; sourceTree = BUILT_PRODUCTS_DIR; };
		EEFA99CE251B7E91008E695A /* AppDelegate.h */ = {isa = PBXFileReference; lastKnownFileType = sourcecode.c.h; path = AppDelegate.h; sourceTree = "<group>"; };
		EEFA99CF251B7E91008E695A /* AppDelegate.m */ = {isa = PBXFileReference; lastKnownFileType = sourcecode.c.objc; path = AppDelegate.m; sourceTree = "<group>"; };
		EEFA99D1251B7E91008E695A /* SceneDelegate.h */ = {isa = PBXFileReference; lastKnownFileType = sourcecode.c.h; path = SceneDelegate.h; sourceTree = "<group>"; };
		EEFA99D2251B7E91008E695A /* SceneDelegate.m */ = {isa = PBXFileReference; lastKnownFileType = sourcecode.c.objc; path = SceneDelegate.m; sourceTree = "<group>"; };
		EEFA99D8251B7E91008E695A /* Base */ = {isa = PBXFileReference; lastKnownFileType = file.storyboard; name = Base; path = Base.lproj/Main.storyboard; sourceTree = "<group>"; };
		EEFA99DA251B7EA1008E695A /* Assets.xcassets */ = {isa = PBXFileReference; lastKnownFileType = folder.assetcatalog; path = Assets.xcassets; sourceTree = "<group>"; };
		EEFA99DD251B7EA1008E695A /* Base */ = {isa = PBXFileReference; lastKnownFileType = file.storyboard; name = Base; path = Base.lproj/LaunchScreen.storyboard; sourceTree = "<group>"; };
		EEFA99DF251B7EA1008E695A /* Info.plist */ = {isa = PBXFileReference; lastKnownFileType = text.plist.xml; path = Info.plist; sourceTree = "<group>"; };
		EEFA99E0251B7EA1008E695A /* main.m */ = {isa = PBXFileReference; lastKnownFileType = sourcecode.c.objc; path = main.m; sourceTree = "<group>"; };
		EEFA99E9251B8521008E695A /* TableViewController.h */ = {isa = PBXFileReference; lastKnownFileType = sourcecode.c.h; path = TableViewController.h; sourceTree = "<group>"; };
		EEFA99EA251B8521008E695A /* TableViewController.m */ = {isa = PBXFileReference; lastKnownFileType = sourcecode.c.objc; path = TableViewController.m; sourceTree = "<group>"; };
		EEFA99EE251BA4B0008E695A /* DetailViewController.h */ = {isa = PBXFileReference; lastKnownFileType = sourcecode.c.h; path = DetailViewController.h; sourceTree = "<group>"; };
		EEFA99EF251BA4B0008E695A /* DetailViewController.m */ = {isa = PBXFileReference; lastKnownFileType = sourcecode.c.objc; path = DetailViewController.m; sourceTree = "<group>"; };
		EEFA99F2251BBEA0008E695A /* MainViewController.h */ = {isa = PBXFileReference; lastKnownFileType = sourcecode.c.h; path = MainViewController.h; sourceTree = "<group>"; };
		EEFA99F3251BBEA0008E695A /* MainViewController.m */ = {isa = PBXFileReference; lastKnownFileType = sourcecode.c.objc; path = MainViewController.m; sourceTree = "<group>"; };
		EEFA99F6251BDA34008E695A /* TableViewCell.h */ = {isa = PBXFileReference; lastKnownFileType = sourcecode.c.h; path = TableViewCell.h; sourceTree = "<group>"; };
		EEFA99F7251BDA34008E695A /* TableViewCell.m */ = {isa = PBXFileReference; lastKnownFileType = sourcecode.c.objc; path = TableViewCell.m; sourceTree = "<group>"; };
/* End PBXFileReference section */

/* Begin PBXFrameworksBuildPhase section */
		EEFA99C8251B7E91008E695A /* Frameworks */ = {
			isa = PBXFrameworksBuildPhase;
			buildActionMask = 2147483647;
			files = (
			);
			runOnlyForDeploymentPostprocessing = 0;
		};
/* End PBXFrameworksBuildPhase section */

/* Begin PBXGroup section */
		EE6C84A9251E4F2D00507B42 /* News */ = {
			isa = PBXGroup;
			children = (
				EEFA99E9251B8521008E695A /* TableViewController.h */,
				EEFA99EA251B8521008E695A /* TableViewController.m */,
				EEFA99EE251BA4B0008E695A /* DetailViewController.h */,
				EEFA99EF251BA4B0008E695A /* DetailViewController.m */,
				EEFA99F2251BBEA0008E695A /* MainViewController.h */,
				EEFA99F3251BBEA0008E695A /* MainViewController.m */,
				EEFA99F6251BDA34008E695A /* TableViewCell.h */,
				EEFA99F7251BDA34008E695A /* TableViewCell.m */,
			);
			path = News;
			sourceTree = "<group>";
		};
		EE6C84AB251E4F6000507B42 /* Saved-news */ = {
			isa = PBXGroup;
			children = (
				EE6C84B1251E4FFA00507B42 /* SavedTableViewController.h */,
				EE6C84B2251E4FFA00507B42 /* SavedTableViewController.m */,
			);
			path = "Saved-news";
			sourceTree = "<group>";
		};
		EE6C84BD251E5D7B00507B42 /* Data */ = {
			isa = PBXGroup;
			children = (
				EE6C84A5251E29D200507B42 /* Model.xcdatamodeld */,
			);
			path = Data;
			sourceTree = "<group>";
		};
		EEFA99C2251B7E91008E695A = {
			isa = PBXGroup;
			children = (
				EEFA99CD251B7E91008E695A /* RSSReader */,
				EEFA99CC251B7E91008E695A /* Products */,
			);
			sourceTree = "<group>";
		};
		EEFA99CC251B7E91008E695A /* Products */ = {
			isa = PBXGroup;
			children = (
				EEFA99CB251B7E91008E695A /* RSSReader.app */,
			);
			name = Products;
			sourceTree = "<group>";
		};
		EEFA99CD251B7E91008E695A /* RSSReader */ = {
			isa = PBXGroup;
			children = (
				EEFA99CE251B7E91008E695A /* AppDelegate.h */,
				EEFA99CF251B7E91008E695A /* AppDelegate.m */,
				EEFA99D1251B7E91008E695A /* SceneDelegate.h */,
				EEFA99D2251B7E91008E695A /* SceneDelegate.m */,
				EEFA99D7251B7E91008E695A /* Main.storyboard */,
				EEFA99DA251B7EA1008E695A /* Assets.xcassets */,
				EEFA99DC251B7EA1008E695A /* LaunchScreen.storyboard */,
				EEFA99DF251B7EA1008E695A /* Info.plist */,
				EEFA99E0251B7EA1008E695A /* main.m */,
				EE6C84AB251E4F6000507B42 /* Saved-news */,
				EE6C84BD251E5D7B00507B42 /* Data */,
				EE6C84A9251E4F2D00507B42 /* News */,
			);
			path = RSSReader;
			sourceTree = "<group>";
		};
/* End PBXGroup section */

/* Begin PBXNativeTarget section */
		EEFA99CA251B7E91008E695A /* RSSReader */ = {
			isa = PBXNativeTarget;
			buildConfigurationList = EEFA99E4251B7EA1008E695A /* Build configuration list for PBXNativeTarget "RSSReader" */;
			buildPhases = (
				EEFA99C7251B7E91008E695A /* Sources */,
				EEFA99C8251B7E91008E695A /* Frameworks */,
				EEFA99C9251B7E91008E695A /* Resources */,
			);
			buildRules = (
			);
			dependencies = (
			);
			name = RSSReader;
			productName = RSSReader;
			productReference = EEFA99CB251B7E91008E695A /* RSSReader.app */;
			productType = "com.apple.product-type.application";
		};
/* End PBXNativeTarget section */

/* Begin PBXProject section */
		EEFA99C3251B7E91008E695A /* Project object */ = {
			isa = PBXProject;
			attributes = {
				LastUpgradeCheck = 1200;
				TargetAttributes = {
					EEFA99CA251B7E91008E695A = {
						CreatedOnToolsVersion = 12.0;
					};
				};
			};
			buildConfigurationList = EEFA99C6251B7E91008E695A /* Build configuration list for PBXProject "RSSReader" */;
			compatibilityVersion = "Xcode 9.3";
			developmentRegion = en;
			hasScannedForEncodings = 0;
			knownRegions = (
				en,
				Base,
			);
			mainGroup = EEFA99C2251B7E91008E695A;
			productRefGroup = EEFA99CC251B7E91008E695A /* Products */;
			projectDirPath = "";
			projectRoot = "";
			targets = (
				EEFA99CA251B7E91008E695A /* RSSReader */,
			);
		};
/* End PBXProject section */

/* Begin PBXResourcesBuildPhase section */
		EEFA99C9251B7E91008E695A /* Resources */ = {
			isa = PBXResourcesBuildPhase;
			buildActionMask = 2147483647;
			files = (
				EEFA99DE251B7EA1008E695A /* LaunchScreen.storyboard in Resources */,
				EEFA99DB251B7EA1008E695A /* Assets.xcassets in Resources */,
				EEFA99D9251B7E91008E695A /* Main.storyboard in Resources */,
			);
			runOnlyForDeploymentPostprocessing = 0;
		};
/* End PBXResourcesBuildPhase section */

/* Begin PBXSourcesBuildPhase section */
		EEFA99C7251B7E91008E695A /* Sources */ = {
			isa = PBXSourcesBuildPhase;
			buildActionMask = 2147483647;
			files = (
				EEFA99F8251BDA34008E695A /* TableViewCell.m in Sources */,
				EEFA99F0251BA4B0008E695A /* DetailViewController.m in Sources */,
				EEFA99F4251BBEA0008E695A /* MainViewController.m in Sources */,
				EE6C84B3251E4FFA00507B42 /* SavedTableViewController.m in Sources */,
				EE6C84A7251E29D200507B42 /* Model.xcdatamodeld in Sources */,
				EEFA99D0251B7E91008E695A /* AppDelegate.m in Sources */,
				EEFA99E1251B7EA1008E695A /* main.m in Sources */,
				EEFA99D3251B7E91008E695A /* SceneDelegate.m in Sources */,
				EEFA99EB251B8521008E695A /* TableViewController.m in Sources */,
			);
			runOnlyForDeploymentPostprocessing = 0;
		};
/* End PBXSourcesBuildPhase section */

/* Begin PBXVariantGroup section */
		EEFA99D7251B7E91008E695A /* Main.storyboard */ = {
			isa = PBXVariantGroup;
			children = (
				EEFA99D8251B7E91008E695A /* Base */,
			);
			name = Main.storyboard;
			sourceTree = "<group>";
		};
		EEFA99DC251B7EA1008E695A /* LaunchScreen.storyboard */ = {
			isa = PBXVariantGroup;
			children = (
				EEFA99DD251B7EA1008E695A /* Base */,
			);
			name = LaunchScreen.storyboard;
			sourceTree = "<group>";
		};
/* End PBXVariantGroup section */

/* Begin XCBuildConfiguration section */
		EEFA99E2251B7EA1008E695A /* Debug */ = {
			isa = XCBuildConfiguration;
			buildSettings = {
				ALWAYS_SEARCH_USER_PATHS = NO;
				CLANG_ANALYZER_NONNULL = YES;
				CLANG_ANALYZER_NUMBER_OBJECT_CONVERSION = YES_AGGRESSIVE;
				CLANG_CXX_LANGUAGE_STANDARD = "gnu++14";
				CLANG_CXX_LIBRARY = "libc++";
				CLANG_ENABLE_MODULES = YES;
				CLANG_ENABLE_OBJC_ARC = YES;
				CLANG_ENABLE_OBJC_WEAK = YES;
				CLANG_WARN_BLOCK_CAPTURE_AUTORELEASING = YES;
				CLANG_WARN_BOOL_CONVERSION = YES;
				CLANG_WARN_COMMA = YES;
				CLANG_WARN_CONSTANT_CONVERSION = YES;
				CLANG_WARN_DEPRECATED_OBJC_IMPLEMENTATIONS = YES;
				CLANG_WARN_DIRECT_OBJC_ISA_USAGE = YES_ERROR;
				CLANG_WARN_DOCUMENTATION_COMMENTS = YES;
				CLANG_WARN_EMPTY_BODY = YES;
				CLANG_WARN_ENUM_CONVERSION = YES;
				CLANG_WARN_INFINITE_RECURSION = YES;
				CLANG_WARN_INT_CONVERSION = YES;
				CLANG_WARN_NON_LITERAL_NULL_CONVERSION = YES;
				CLANG_WARN_OBJC_IMPLICIT_RETAIN_SELF = YES;
				CLANG_WARN_OBJC_LITERAL_CONVERSION = YES;
				CLANG_WARN_OBJC_ROOT_CLASS = YES_ERROR;
				CLANG_WARN_QUOTED_INCLUDE_IN_FRAMEWORK_HEADER = YES;
				CLANG_WARN_RANGE_LOOP_ANALYSIS = YES;
				CLANG_WARN_STRICT_PROTOTYPES = YES;
				CLANG_WARN_SUSPICIOUS_MOVE = YES;
				CLANG_WARN_UNGUARDED_AVAILABILITY = YES_AGGRESSIVE;
				CLANG_WARN_UNREACHABLE_CODE = YES;
				CLANG_WARN__DUPLICATE_METHOD_MATCH = YES;
				COPY_PHASE_STRIP = NO;
				DEBUG_INFORMATION_FORMAT = dwarf;
				ENABLE_STRICT_OBJC_MSGSEND = YES;
				ENABLE_TESTABILITY = YES;
				GCC_C_LANGUAGE_STANDARD = gnu11;
				GCC_DYNAMIC_NO_PIC = NO;
				GCC_NO_COMMON_BLOCKS = YES;
				GCC_OPTIMIZATION_LEVEL = 0;
				GCC_PREPROCESSOR_DEFINITIONS = (
					"DEBUG=1",
					"$(inherited)",
				);
				GCC_WARN_64_TO_32_BIT_CONVERSION = YES;
				GCC_WARN_ABOUT_RETURN_TYPE = YES_ERROR;
				GCC_WARN_UNDECLARED_SELECTOR = YES;
				GCC_WARN_UNINITIALIZED_AUTOS = YES_AGGRESSIVE;
				GCC_WARN_UNUSED_FUNCTION = YES;
				GCC_WARN_UNUSED_VARIABLE = YES;
				IPHONEOS_DEPLOYMENT_TARGET = 14.0;
				MTL_ENABLE_DEBUG_INFO = INCLUDE_SOURCE;
				MTL_FAST_MATH = YES;
				ONLY_ACTIVE_ARCH = YES;
				SDKROOT = iphoneos;
			};
			name = Debug;
		};
		EEFA99E3251B7EA1008E695A /* Release */ = {
			isa = XCBuildConfiguration;
			buildSettings = {
				ALWAYS_SEARCH_USER_PATHS = NO;
				CLANG_ANALYZER_NONNULL = YES;
				CLANG_ANALYZER_NUMBER_OBJECT_CONVERSION = YES_AGGRESSIVE;
				CLANG_CXX_LANGUAGE_STANDARD = "gnu++14";
				CLANG_CXX_LIBRARY = "libc++";
				CLANG_ENABLE_MODULES = YES;
				CLANG_ENABLE_OBJC_ARC = YES;
				CLANG_ENABLE_OBJC_WEAK = YES;
				CLANG_WARN_BLOCK_CAPTURE_AUTORELEASING = YES;
				CLANG_WARN_BOOL_CONVERSION = YES;
				CLANG_WARN_COMMA = YES;
				CLANG_WARN_CONSTANT_CONVERSION = YES;
				CLANG_WARN_DEPRECATED_OBJC_IMPLEMENTATIONS = YES;
				CLANG_WARN_DIRECT_OBJC_ISA_USAGE = YES_ERROR;
				CLANG_WARN_DOCUMENTATION_COMMENTS = YES;
				CLANG_WARN_EMPTY_BODY = YES;
				CLANG_WARN_ENUM_CONVERSION = YES;
				CLANG_WARN_INFINITE_RECURSION = YES;
				CLANG_WARN_INT_CONVERSION = YES;
				CLANG_WARN_NON_LITERAL_NULL_CONVERSION = YES;
				CLANG_WARN_OBJC_IMPLICIT_RETAIN_SELF = YES;
				CLANG_WARN_OBJC_LITERAL_CONVERSION = YES;
				CLANG_WARN_OBJC_ROOT_CLASS = YES_ERROR;
				CLANG_WARN_QUOTED_INCLUDE_IN_FRAMEWORK_HEADER = YES;
				CLANG_WARN_RANGE_LOOP_ANALYSIS = YES;
				CLANG_WARN_STRICT_PROTOTYPES = YES;
				CLANG_WARN_SUSPICIOUS_MOVE = YES;
				CLANG_WARN_UNGUARDED_AVAILABILITY = YES_AGGRESSIVE;
				CLANG_WARN_UNREACHABLE_CODE = YES;
				CLANG_WARN__DUPLICATE_METHOD_MATCH = YES;
				COPY_PHASE_STRIP = NO;
				DEBUG_INFORMATION_FORMAT = "dwarf-with-dsym";
				ENABLE_NS_ASSERTIONS = NO;
				ENABLE_STRICT_OBJC_MSGSEND = YES;
				GCC_C_LANGUAGE_STANDARD = gnu11;
				GCC_NO_COMMON_BLOCKS = YES;
				GCC_WARN_64_TO_32_BIT_CONVERSION = YES;
				GCC_WARN_ABOUT_RETURN_TYPE = YES_ERROR;
				GCC_WARN_UNDECLARED_SELECTOR = YES;
				GCC_WARN_UNINITIALIZED_AUTOS = YES_AGGRESSIVE;
				GCC_WARN_UNUSED_FUNCTION = YES;
				GCC_WARN_UNUSED_VARIABLE = YES;
				IPHONEOS_DEPLOYMENT_TARGET = 14.0;
				MTL_ENABLE_DEBUG_INFO = NO;
				MTL_FAST_MATH = YES;
				SDKROOT = iphoneos;
				VALIDATE_PRODUCT = YES;
			};
			name = Release;
		};
		EEFA99E5251B7EA1008E695A /* Debug */ = {
			isa = XCBuildConfiguration;
			buildSettings = {
				ASSETCATALOG_COMPILER_APPICON_NAME = AppIcon;
				ASSETCATALOG_COMPILER_GLOBAL_ACCENT_COLOR_NAME = AccentColor;
				CODE_SIGN_STYLE = Automatic;
				DEVELOPMENT_TEAM = F3L877M388;
				INFOPLIST_FILE = RSSReader/Info.plist;
				LD_RUNPATH_SEARCH_PATHS = (
					"$(inherited)",
					"@executable_path/Frameworks",
				);
				PRODUCT_BUNDLE_IDENTIFIER = khapham7165.RSSReader;
				PRODUCT_NAME = "$(TARGET_NAME)";
				TARGETED_DEVICE_FAMILY = "1,2";
			};
			name = Debug;
		};
		EEFA99E6251B7EA1008E695A /* Release */ = {
			isa = XCBuildConfiguration;
			buildSettings = {
				ASSETCATALOG_COMPILER_APPICON_NAME = AppIcon;
				ASSETCATALOG_COMPILER_GLOBAL_ACCENT_COLOR_NAME = AccentColor;
				CODE_SIGN_STYLE = Automatic;
				DEVELOPMENT_TEAM = F3L877M388;
				INFOPLIST_FILE = RSSReader/Info.plist;
				LD_RUNPATH_SEARCH_PATHS = (
					"$(inherited)",
					"@executable_path/Frameworks",
				);
				PRODUCT_BUNDLE_IDENTIFIER = khapham7165.RSSReader;
				PRODUCT_NAME = "$(TARGET_NAME)";
				TARGETED_DEVICE_FAMILY = "1,2";
			};
			name = Release;
		};
/* End XCBuildConfiguration section */

/* Begin XCConfigurationList section */
		EEFA99C6251B7E91008E695A /* Build configuration list for PBXProject "RSSReader" */ = {
			isa = XCConfigurationList;
			buildConfigurations = (
				EEFA99E2251B7EA1008E695A /* Debug */,
				EEFA99E3251B7EA1008E695A /* Release */,
			);
			defaultConfigurationIsVisible = 0;
			defaultConfigurationName = Release;
		};
		EEFA99E4251B7EA1008E695A /* Build configuration list for PBXNativeTarget "RSSReader" */ = {
			isa = XCConfigurationList;
			buildConfigurations = (
				EEFA99E5251B7EA1008E695A /* Debug */,
				EEFA99E6251B7EA1008E695A /* Release */,
			);
			defaultConfigurationIsVisible = 0;
			defaultConfigurationName = Release;
		};
/* End XCConfigurationList section */

/* Begin XCVersionGroup section */
		EE6C84A5251E29D200507B42 /* Model.xcdatamodeld */ = {
			isa = XCVersionGroup;
			children = (
				EE6C84A6251E29D200507B42 /* Model.xcdatamodel */,
			);
			currentVersion = EE6C84A6251E29D200507B42 /* Model.xcdatamodel */;
			path = Model.xcdatamodeld;
			sourceTree = "<group>";
			versionGroupType = wrapper.xcdatamodel;
		};
/* End XCVersionGroup section */
	};
	rootObject = EEFA99C3251B7E91008E695A /* Project object */;
}
